
Microsoft Visual Studio Solution File, Format Version 12.00
# Visual Studio Version 16
VisualStudioVersion = 16.0.29519.87
MinimumVisualStudioVersion = 10.0.40219.1
Project("{FAE04EC0-301F-11D3-BF4B-00C04F79EFBC}") = "Shu", "Shu\Shu.csproj", "{F67E3535-2926-4C28-914E-B0225F06CFAB}"
EndProject
Global
	GlobalSection(SolutionConfigurationPlatforms) = preSolution
		Debug|Any CPU = Debug|Any CPU
		Release|Any CPU = Release|Any CPU
	EndGlobalSection
	GlobalSection(ProjectConfigurationPlatforms) = postSolution
		{F67E3535-2926-4C28-914E-B0225F06CFAB}.Debug|Any CPU.ActiveCfg = Debug|Any CPU
		{F67E3535-2926-4C28-914E-B0225F06CFAB}.Debug|Any CPU.Build.0 = Debug|Any CPU
		{F67E3535-2926-4C28-914E-B0225F06CFAB}.Release|Any CPU.ActiveCfg = Release|Any CPU
		{F67E3535-2926-4C28-914E-B0225F06CFAB}.Release|Any CPU.Build.0 = Release|Any CPU
	EndGlobalSection
	GlobalSection(SolutionProperties) = preSolution
		HideSolutionNode = FALSE
	EndGlobalSection
	GlobalSection(ExtensibilityGlobals) = postSolution
		SolutionGuid = {690577CC-B03B-4458-9AA3-15402BB1B22F}
	EndGlobalSection
EndGlobal
